
Microsoft Visual Studio Solution File, Format Version 12.00
# Visual Studio 15
VisualStudioVersion = 15.0.27703.2026
MinimumVisualStudioVersion = 10.0.40219.1
Project("{FAE04EC0-301F-11D3-BF4B-00C04F79EFBC}") = "Quick.Data", "Quick.Data\Quick.Data.csproj", "{570297CE-3909-4667-9899-2582787E6108}"
EndProject
Project("{FAE04EC0-301F-11D3-BF4B-00C04F79EFBC}") = "Quick.Core", "Quick.Core\Quick.Core.csproj", "{969577BA-DE3E-45D2-B9F3-E5362AE19952}"
EndProject
Project("{FAE04EC0-301F-11D3-BF4B-00C04F79EFBC}") = "Quick.Common", "Quick.Common\Quick.Common.csproj", "{2F712E1F-F963-4523-A8D4-A9522A1E3D0D}"
EndProject
Project("{FAE04EC0-301F-11D3-BF4B-00C04F79EFBC}") = "Quick.Web", "Quick.Web\Quick.Web.csproj", "{28AB3986-6C79-49BD-860F-B4E065619D97}"
EndProject
Project("{2150E333-8FDC-42A3-9474-1A3956D46DE8}") = "_docs", "_docs", "{51679B49-3631-41D0-9BC6-911E7688BD75}"
	ProjectSection(SolutionItems) = preProject
		mysql-connector-net-8.0.11.msi = mysql-connector-net-8.0.11.msi
		README.md = README.md
	EndProjectSection
EndProject
Project("{2150E333-8FDC-42A3-9474-1A3956D46DE8}") = "Common", "Common", "{4EA9423B-A1EC-40E7-A7FD-9A4476C06B4C}"
EndProject
Project("{2150E333-8FDC-42A3-9474-1A3956D46DE8}") = "Data", "Data", "{31F86552-534A-4923-B198-33A10BE33A18}"
EndProject
Project("{2150E333-8FDC-42A3-9474-1A3956D46DE8}") = "Repository", "Repository", "{4B3DC002-9320-407C-8C8E-FBB1CF2D9AC3}"
EndProject
Project("{2150E333-8FDC-42A3-9474-1A3956D46DE8}") = "Service", "Service", "{A72664BD-C497-498B-BDD7-928F7523F101}"
EndProject
Project("{2150E333-8FDC-42A3-9474-1A3956D46DE8}") = "Web", "Web", "{A0DA1932-BFB0-4F80-8E1B-0CE816359A98}"
EndProject
Project("{2150E333-8FDC-42A3-9474-1A3956D46DE8}") = "Test", "Test", "{D651705B-87AA-401A-95CB-47A2209C388A}"
EndProject
Project("{FAE04EC0-301F-11D3-BF4B-00C04F79EFBC}") = "Quick.IService", "Quick.IService\Quick.IService.csproj", "{8CDB4FA4-C71C-454C-9F7C-EC15751E2EE0}"
EndProject
Project("{FAE04EC0-301F-11D3-BF4B-00C04F79EFBC}") = "Quick.Service", "Quick.Service\Quick.Service.csproj", "{2916D31F-C973-45BB-A8F4-0EE510FE4A11}"
EndProject
Project("{FAE04EC0-301F-11D3-BF4B-00C04F79EFBC}") = "Quick.IRepository", "Quick.IRepository\Quick.IRepository.csproj", "{B6660CB7-FFBD-4007-95B3-D384463F2072}"
EndProject
Project("{FAE04EC0-301F-11D3-BF4B-00C04F79EFBC}") = "Quick.Repository", "Quick.Repository\Quick.Repository.csproj", "{36EB4098-90CF-440A-8D8C-05091C381DC3}"
EndProject
Project("{FAE04EC0-301F-11D3-BF4B-00C04F79EFBC}") = "Quick.Console.Tests", "Quick.Console.Tests\Quick.Console.Tests.csproj", "{4CDB24A8-8C28-4356-B8FA-50EC66742B40}"
EndProject
Project("{FAE04EC0-301F-11D3-BF4B-00C04F79EFBC}") = "Quick.Domain", "Quick.Domain\Quick.Domain.csproj", "{6AE4F27A-225C-48BB-AE89-C27BDF1C592D}"
EndProject
Global
	GlobalSection(SolutionConfigurationPlatforms) = preSolution
		Debug|Any CPU = Debug|Any CPU
		Release|Any CPU = Release|Any CPU
	EndGlobalSection
	GlobalSection(ProjectConfigurationPlatforms) = postSolution
		{570297CE-3909-4667-9899-2582787E6108}.Debug|Any CPU.ActiveCfg = Debug|Any CPU
		{570297CE-3909-4667-9899-2582787E6108}.Debug|Any CPU.Build.0 = Debug|Any CPU
		{570297CE-3909-4667-9899-2582787E6108}.Release|Any CPU.ActiveCfg = Release|Any CPU
		{570297CE-3909-4667-9899-2582787E6108}.Release|Any CPU.Build.0 = Release|Any CPU
		{969577BA-DE3E-45D2-B9F3-E5362AE19952}.Debug|Any CPU.ActiveCfg = Debug|Any CPU
		{969577BA-DE3E-45D2-B9F3-E5362AE19952}.Debug|Any CPU.Build.0 = Debug|Any CPU
		{969577BA-DE3E-45D2-B9F3-E5362AE19952}.Release|Any CPU.ActiveCfg = Release|Any CPU
		{969577BA-DE3E-45D2-B9F3-E5362AE19952}.Release|Any CPU.Build.0 = Release|Any CPU
		{2F712E1F-F963-4523-A8D4-A9522A1E3D0D}.Debug|Any CPU.ActiveCfg = Debug|Any CPU
		{2F712E1F-F963-4523-A8D4-A9522A1E3D0D}.Debug|Any CPU.Build.0 = Debug|Any CPU
		{2F712E1F-F963-4523-A8D4-A9522A1E3D0D}.Release|Any CPU.ActiveCfg = Release|Any CPU
		{2F712E1F-F963-4523-A8D4-A9522A1E3D0D}.Release|Any CPU.Build.0 = Release|Any CPU
		{28AB3986-6C79-49BD-860F-B4E065619D97}.Debug|Any CPU.ActiveCfg = Debug|Any CPU
		{28AB3986-6C79-49BD-860F-B4E065619D97}.Debug|Any CPU.Build.0 = Debug|Any CPU
		{28AB3986-6C79-49BD-860F-B4E065619D97}.Release|Any CPU.ActiveCfg = Release|Any CPU
		{28AB3986-6C79-49BD-860F-B4E065619D97}.Release|Any CPU.Build.0 = Release|Any CPU
		{8CDB4FA4-C71C-454C-9F7C-EC15751E2EE0}.Debug|Any CPU.ActiveCfg = Debug|Any CPU
		{8CDB4FA4-C71C-454C-9F7C-EC15751E2EE0}.Debug|Any CPU.Build.0 = Debug|Any CPU
		{8CDB4FA4-C71C-454C-9F7C-EC15751E2EE0}.Release|Any CPU.ActiveCfg = Release|Any CPU
		{8CDB4FA4-C71C-454C-9F7C-EC15751E2EE0}.Release|Any CPU.Build.0 = Release|Any CPU
		{2916D31F-C973-45BB-A8F4-0EE510FE4A11}.Debug|Any CPU.ActiveCfg = Debug|Any CPU
		{2916D31F-C973-45BB-A8F4-0EE510FE4A11}.Debug|Any CPU.Build.0 = Debug|Any CPU
		{2916D31F-C973-45BB-A8F4-0EE510FE4A11}.Release|Any CPU.ActiveCfg = Release|Any CPU
		{2916D31F-C973-45BB-A8F4-0EE510FE4A11}.Release|Any CPU.Build.0 = Release|Any CPU
		{B6660CB7-FFBD-4007-95B3-D384463F2072}.Debug|Any CPU.ActiveCfg = Debug|Any CPU
		{B6660CB7-FFBD-4007-95B3-D384463F2072}.Debug|Any CPU.Build.0 = Debug|Any CPU
		{B6660CB7-FFBD-4007-95B3-D384463F2072}.Release|Any CPU.ActiveCfg = Release|Any CPU
		{B6660CB7-FFBD-4007-95B3-D384463F2072}.Release|Any CPU.Build.0 = Release|Any CPU
		{36EB4098-90CF-440A-8D8C-05091C381DC3}.Debug|Any CPU.ActiveCfg = Debug|Any CPU
		{36EB4098-90CF-440A-8D8C-05091C381DC3}.Debug|Any CPU.Build.0 = Debug|Any CPU
		{36EB4098-90CF-440A-8D8C-05091C381DC3}.Release|Any CPU.ActiveCfg = Release|Any CPU
		{36EB4098-90CF-440A-8D8C-05091C381DC3}.Release|Any CPU.Build.0 = Release|Any CPU
		{4CDB24A8-8C28-4356-B8FA-50EC66742B40}.Debug|Any CPU.ActiveCfg = Debug|Any CPU
		{4CDB24A8-8C28-4356-B8FA-50EC66742B40}.Debug|Any CPU.Build.0 = Debug|Any CPU
		{4CDB24A8-8C28-4356-B8FA-50EC66742B40}.Release|Any CPU.ActiveCfg = Release|Any CPU
		{4CDB24A8-8C28-4356-B8FA-50EC66742B40}.Release|Any CPU.Build.0 = Release|Any CPU
		{6AE4F27A-225C-48BB-AE89-C27BDF1C592D}.Debug|Any CPU.ActiveCfg = Debug|Any CPU
		{6AE4F27A-225C-48BB-AE89-C27BDF1C592D}.Debug|Any CPU.Build.0 = Debug|Any CPU
		{6AE4F27A-225C-48BB-AE89-C27BDF1C592D}.Release|Any CPU.ActiveCfg = Release|Any CPU
		{6AE4F27A-225C-48BB-AE89-C27BDF1C592D}.Release|Any CPU.Build.0 = Release|Any CPU
	EndGlobalSection
	GlobalSection(SolutionProperties) = preSolution
		HideSolutionNode = FALSE
	EndGlobalSection
	GlobalSection(NestedProjects) = preSolution
		{570297CE-3909-4667-9899-2582787E6108} = {31F86552-534A-4923-B198-33A10BE33A18}
		{969577BA-DE3E-45D2-B9F3-E5362AE19952} = {4EA9423B-A1EC-40E7-A7FD-9A4476C06B4C}
		{2F712E1F-F963-4523-A8D4-A9522A1E3D0D} = {4EA9423B-A1EC-40E7-A7FD-9A4476C06B4C}
		{28AB3986-6C79-49BD-860F-B4E065619D97} = {A0DA1932-BFB0-4F80-8E1B-0CE816359A98}
		{8CDB4FA4-C71C-454C-9F7C-EC15751E2EE0} = {A72664BD-C497-498B-BDD7-928F7523F101}
		{2916D31F-C973-45BB-A8F4-0EE510FE4A11} = {A72664BD-C497-498B-BDD7-928F7523F101}
		{B6660CB7-FFBD-4007-95B3-D384463F2072} = {4B3DC002-9320-407C-8C8E-FBB1CF2D9AC3}
		{36EB4098-90CF-440A-8D8C-05091C381DC3} = {4B3DC002-9320-407C-8C8E-FBB1CF2D9AC3}
		{4CDB24A8-8C28-4356-B8FA-50EC66742B40} = {D651705B-87AA-401A-95CB-47A2209C388A}
		{6AE4F27A-225C-48BB-AE89-C27BDF1C592D} = {31F86552-534A-4923-B198-33A10BE33A18}
	EndGlobalSection
	GlobalSection(ExtensibilityGlobals) = postSolution
		SolutionGuid = {3DE9C035-BC84-44D2-8EE5-46DDEC7FB767}
	EndGlobalSection
EndGlobal
